// !$*UTF8*$!
{
	archiveVersion = 1;
	classes = {
	};
	objectVersion = 50;
	objects = {

/* Begin PBXBuildFile section */
		244A7F26265E848700E703C2 /* oper_r.c in Sources */ = {isa = PBXBuildFile; fileRef = 244A7F25265E848700E703C2 /* oper_r.c */; };
		245CCEF9266C0DCD00098011 /* leak_detector_c.c in Sources */ = {isa = PBXBuildFile; fileRef = 245CCEF8266C0DCD00098011 /* leak_detector_c.c */; };
		249162B6265D1DEC002DA805 /* ps_main.c in Sources */ = {isa = PBXBuildFile; fileRef = 249162B5265D1DEC002DA805 /* ps_main.c */; };
		24916321265D23D1002DA805 /* utils_atoi.c in Sources */ = {isa = PBXBuildFile; fileRef = 24916320265D23D1002DA805 /* utils_atoi.c */; };
		24916323265D2644002DA805 /* push_swap.h in Sources */ = {isa = PBXBuildFile; fileRef = 24916322265D2644002DA805 /* push_swap.h */; };
		24916325265D288D002DA805 /* utils_list.c in Sources */ = {isa = PBXBuildFile; fileRef = 24916324265D288D002DA805 /* utils_list.c */; };
		24916329265D7658002DA805 /* oper_ps.c in Sources */ = {isa = PBXBuildFile; fileRef = 24916328265D7658002DA805 /* oper_ps.c */; };
		24A10921265FB57C00047FAD /* med_min_sort.c in Sources */ = {isa = PBXBuildFile; fileRef = 24A10920265FB57B00047FAD /* med_min_sort.c */; };
		24A10923265FBABB00047FAD /* sort_pars.c in Sources */ = {isa = PBXBuildFile; fileRef = 24A10922265FBABB00047FAD /* sort_pars.c */; };
		24E23440266963D800CE5EC8 /* max_sort.c in Sources */ = {isa = PBXBuildFile; fileRef = 24E2343F266963D800CE5EC8 /* max_sort.c */; };
		24E234422669648E00CE5EC8 /* utils_ft.c in Sources */ = {isa = PBXBuildFile; fileRef = 24E234412669648E00CE5EC8 /* utils_ft.c */; };
/* End PBXBuildFile section */

/* Begin PBXCopyFilesBuildPhase section */
		249162B0265D1DEC002DA805 /* CopyFiles */ = {
			isa = PBXCopyFilesBuildPhase;
			buildActionMask = 2147483647;
			dstPath = /usr/share/man/man1/;
			dstSubfolderSpec = 0;
			files = (
			);
			runOnlyForDeploymentPostprocessing = 1;
		};
/* End PBXCopyFilesBuildPhase section */

/* Begin PBXFileReference section */
		244A7F25265E848700E703C2 /* oper_r.c */ = {isa = PBXFileReference; lastKnownFileType = sourcecode.c.c; path = oper_r.c; sourceTree = "<group>"; };
		245CCEF7266C0DCD00098011 /* leak_detector_c.h */ = {isa = PBXFileReference; lastKnownFileType = sourcecode.c.h; path = leak_detector_c.h; sourceTree = "<group>"; };
		245CCEF8266C0DCD00098011 /* leak_detector_c.c */ = {isa = PBXFileReference; lastKnownFileType = sourcecode.c.c; path = leak_detector_c.c; sourceTree = "<group>"; };
		249162B2265D1DEC002DA805 /* push_swap */ = {isa = PBXFileReference; explicitFileType = "compiled.mach-o.executable"; includeInIndex = 0; path = push_swap; sourceTree = BUILT_PRODUCTS_DIR; };
		249162B5265D1DEC002DA805 /* ps_main.c */ = {isa = PBXFileReference; lastKnownFileType = sourcecode.c.c; path = ps_main.c; sourceTree = "<group>"; };
		24916320265D23D1002DA805 /* utils_atoi.c */ = {isa = PBXFileReference; lastKnownFileType = sourcecode.c.c; path = utils_atoi.c; sourceTree = "<group>"; };
		24916322265D2644002DA805 /* push_swap.h */ = {isa = PBXFileReference; lastKnownFileType = sourcecode.c.h; path = push_swap.h; sourceTree = "<group>"; };
		24916324265D288D002DA805 /* utils_list.c */ = {isa = PBXFileReference; lastKnownFileType = sourcecode.c.c; path = utils_list.c; sourceTree = "<group>"; };
		24916328265D7658002DA805 /* oper_ps.c */ = {isa = PBXFileReference; lastKnownFileType = sourcecode.c.c; path = oper_ps.c; sourceTree = "<group>"; };
		24A10920265FB57B00047FAD /* med_min_sort.c */ = {isa = PBXFileReference; lastKnownFileType = sourcecode.c.c; path = med_min_sort.c; sourceTree = "<group>"; };
		24A10922265FBABB00047FAD /* sort_pars.c */ = {isa = PBXFileReference; lastKnownFileType = sourcecode.c.c; path = sort_pars.c; sourceTree = "<group>"; };
		24E2343F266963D800CE5EC8 /* max_sort.c */ = {isa = PBXFileReference; lastKnownFileType = sourcecode.c.c; path = max_sort.c; sourceTree = "<group>"; };
		24E234412669648E00CE5EC8 /* utils_ft.c */ = {isa = PBXFileReference; lastKnownFileType = sourcecode.c.c; path = utils_ft.c; sourceTree = "<group>"; };
/* End PBXFileReference section */

/* Begin PBXFrameworksBuildPhase section */
		249162AF265D1DEC002DA805 /* Frameworks */ = {
			isa = PBXFrameworksBuildPhase;
			buildActionMask = 2147483647;
			files = (
			);
			runOnlyForDeploymentPostprocessing = 0;
		};
/* End PBXFrameworksBuildPhase section */

/* Begin PBXGroup section */
		249162A9265D1DEC002DA805 = {
			isa = PBXGroup;
			children = (
				249162B4265D1DEC002DA805 /* push_swap */,
				249162B3265D1DEC002DA805 /* Products */,
			);
			sourceTree = "<group>";
		};
		249162B3265D1DEC002DA805 /* Products */ = {
			isa = PBXGroup;
			children = (
				249162B2265D1DEC002DA805 /* push_swap */,
			);
			name = Products;
			sourceTree = "<group>";
		};
		249162B4265D1DEC002DA805 /* push_swap */ = {
			isa = PBXGroup;
			children = (
				249162B5265D1DEC002DA805 /* ps_main.c */,
				24A10922265FBABB00047FAD /* sort_pars.c */,
				24E2343F266963D800CE5EC8 /* max_sort.c */,
				24A10920265FB57B00047FAD /* med_min_sort.c */,
				24916328265D7658002DA805 /* oper_ps.c */,
				244A7F25265E848700E703C2 /* oper_r.c */,
				24916320265D23D1002DA805 /* utils_atoi.c */,
				24916324265D288D002DA805 /* utils_list.c */,
				24E234412669648E00CE5EC8 /* utils_ft.c */,
				24916322265D2644002DA805 /* push_swap.h */,
				245CCEF7266C0DCD00098011 /* leak_detector_c.h */,
				245CCEF8266C0DCD00098011 /* leak_detector_c.c */,
			);
			path = push_swap;
			sourceTree = "<group>";
		};
/* End PBXGroup section */

/* Begin PBXNativeTarget section */
		249162B1265D1DEC002DA805 /* push_swap */ = {
			isa = PBXNativeTarget;
			buildConfigurationList = 249162B9265D1DEC002DA805 /* Build configuration list for PBXNativeTarget "push_swap" */;
			buildPhases = (
				249162AE265D1DEC002DA805 /* Sources */,
				249162AF265D1DEC002DA805 /* Frameworks */,
				249162B0265D1DEC002DA805 /* CopyFiles */,
			);
			buildRules = (
			);
			dependencies = (
			);
			name = push_swap;
			productName = push_swap;
			productReference = 249162B2265D1DEC002DA805 /* push_swap */;
			productType = "com.apple.product-type.tool";
		};
/* End PBXNativeTarget section */

/* Begin PBXProject section */
		249162AA265D1DEC002DA805 /* Project object */ = {
			isa = PBXProject;
			attributes = {
				LastUpgradeCheck = 1130;
				ORGANIZATIONNAME = "Malena Dewayne";
				TargetAttributes = {
					249162B1265D1DEC002DA805 = {
						CreatedOnToolsVersion = 11.3.1;
					};
				};
			};
			buildConfigurationList = 249162AD265D1DEC002DA805 /* Build configuration list for PBXProject "push_swap" */;
			compatibilityVersion = "Xcode 9.3";
			developmentRegion = en;
			hasScannedForEncodings = 0;
			knownRegions = (
				en,
				Base,
			);
			mainGroup = 249162A9265D1DEC002DA805;
			productRefGroup = 249162B3265D1DEC002DA805 /* Products */;
			projectDirPath = "";
			projectRoot = "";
			targets = (
				249162B1265D1DEC002DA805 /* push_swap */,
			);
		};
/* End PBXProject section */

/* Begin PBXSourcesBuildPhase section */
		249162AE265D1DEC002DA805 /* Sources */ = {
			isa = PBXSourcesBuildPhase;
			buildActionMask = 2147483647;
			files = (
				24E23440266963D800CE5EC8 /* max_sort.c in Sources */,
				24E234422669648E00CE5EC8 /* utils_ft.c in Sources */,
				24916329265D7658002DA805 /* oper_ps.c in Sources */,
				24A10923265FBABB00047FAD /* sort_pars.c in Sources */,
				244A7F26265E848700E703C2 /* oper_r.c in Sources */,
				24916321265D23D1002DA805 /* utils_atoi.c in Sources */,
				24916323265D2644002DA805 /* push_swap.h in Sources */,
				24916325265D288D002DA805 /* utils_list.c in Sources */,
				245CCEF9266C0DCD00098011 /* leak_detector_c.c in Sources */,
				249162B6265D1DEC002DA805 /* ps_main.c in Sources */,
				24A10921265FB57C00047FAD /* med_min_sort.c in Sources */,
			);
			runOnlyForDeploymentPostprocessing = 0;
		};
/* End PBXSourcesBuildPhase section */

/* Begin XCBuildConfiguration section */
		249162B7265D1DEC002DA805 /* Debug */ = {
			isa = XCBuildConfiguration;
			buildSettings = {
				ALWAYS_SEARCH_USER_PATHS = NO;
				CLANG_ANALYZER_NONNULL = YES;
				CLANG_ANALYZER_NUMBER_OBJECT_CONVERSION = YES_AGGRESSIVE;
				CLANG_CXX_LANGUAGE_STANDARD = "gnu++14";
				CLANG_CXX_LIBRARY = "libc++";
				CLANG_ENABLE_MODULES = YES;
				CLANG_ENABLE_OBJC_ARC = YES;
				CLANG_ENABLE_OBJC_WEAK = YES;
				CLANG_WARN_BLOCK_CAPTURE_AUTORELEASING = YES;
				CLANG_WARN_BOOL_CONVERSION = YES;
				CLANG_WARN_COMMA = YES;
				CLANG_WARN_CONSTANT_CONVERSION = YES;
				CLANG_WARN_DEPRECATED_OBJC_IMPLEMENTATIONS = YES;
				CLANG_WARN_DIRECT_OBJC_ISA_USAGE = YES_ERROR;
				CLANG_WARN_DOCUMENTATION_COMMENTS = YES;
				CLANG_WARN_EMPTY_BODY = YES;
				CLANG_WARN_ENUM_CONVERSION = YES;
				CLANG_WARN_INFINITE_RECURSION = YES;
				CLANG_WARN_INT_CONVERSION = YES;
				CLANG_WARN_NON_LITERAL_NULL_CONVERSION = YES;
				CLANG_WARN_OBJC_IMPLICIT_RETAIN_SELF = YES;
				CLANG_WARN_OBJC_LITERAL_CONVERSION = YES;
				CLANG_WARN_OBJC_ROOT_CLASS = YES_ERROR;
				CLANG_WARN_RANGE_LOOP_ANALYSIS = YES;
				CLANG_WARN_STRICT_PROTOTYPES = YES;
				CLANG_WARN_SUSPICIOUS_MOVE = YES;
				CLANG_WARN_UNGUARDED_AVAILABILITY = YES_AGGRESSIVE;
				CLANG_WARN_UNREACHABLE_CODE = YES;
				CLANG_WARN__DUPLICATE_METHOD_MATCH = YES;
				COPY_PHASE_STRIP = NO;
				DEBUG_INFORMATION_FORMAT = dwarf;
				ENABLE_STRICT_OBJC_MSGSEND = YES;
				ENABLE_TESTABILITY = YES;
				GCC_C_LANGUAGE_STANDARD = gnu11;
				GCC_DYNAMIC_NO_PIC = NO;
				GCC_NO_COMMON_BLOCKS = YES;
				GCC_OPTIMIZATION_LEVEL = 0;
				GCC_PREPROCESSOR_DEFINITIONS = (
					"DEBUG=1",
					"$(inherited)",
				);
				GCC_WARN_64_TO_32_BIT_CONVERSION = YES;
				GCC_WARN_ABOUT_RETURN_TYPE = YES_ERROR;
				GCC_WARN_UNDECLARED_SELECTOR = YES;
				GCC_WARN_UNINITIALIZED_AUTOS = YES_AGGRESSIVE;
				GCC_WARN_UNUSED_FUNCTION = YES;
				GCC_WARN_UNUSED_VARIABLE = YES;
				MACOSX_DEPLOYMENT_TARGET = 10.14;
				MTL_ENABLE_DEBUG_INFO = INCLUDE_SOURCE;
				MTL_FAST_MATH = YES;
				ONLY_ACTIVE_ARCH = YES;
				SDKROOT = macosx;
			};
			name = Debug;
		};
		249162B8265D1DEC002DA805 /* Release */ = {
			isa = XCBuildConfiguration;
			buildSettings = {
				ALWAYS_SEARCH_USER_PATHS = NO;
				CLANG_ANALYZER_NONNULL = YES;
				CLANG_ANALYZER_NUMBER_OBJECT_CONVERSION = YES_AGGRESSIVE;
				CLANG_CXX_LANGUAGE_STANDARD = "gnu++14";
				CLANG_CXX_LIBRARY = "libc++";
				CLANG_ENABLE_MODULES = YES;
				CLANG_ENABLE_OBJC_ARC = YES;
				CLANG_ENABLE_OBJC_WEAK = YES;
				CLANG_WARN_BLOCK_CAPTURE_AUTORELEASING = YES;
				CLANG_WARN_BOOL_CONVERSION = YES;
				CLANG_WARN_COMMA = YES;
				CLANG_WARN_CONSTANT_CONVERSION = YES;
				CLANG_WARN_DEPRECATED_OBJC_IMPLEMENTATIONS = YES;
				CLANG_WARN_DIRECT_OBJC_ISA_USAGE = YES_ERROR;
				CLANG_WARN_DOCUMENTATION_COMMENTS = YES;
				CLANG_WARN_EMPTY_BODY = YES;
				CLANG_WARN_ENUM_CONVERSION = YES;
				CLANG_WARN_INFINITE_RECURSION = YES;
				CLANG_WARN_INT_CONVERSION = YES;
				CLANG_WARN_NON_LITERAL_NULL_CONVERSION = YES;
				CLANG_WARN_OBJC_IMPLICIT_RETAIN_SELF = YES;
				CLANG_WARN_OBJC_LITERAL_CONVERSION = YES;
				CLANG_WARN_OBJC_ROOT_CLASS = YES_ERROR;
				CLANG_WARN_RANGE_LOOP_ANALYSIS = YES;
				CLANG_WARN_STRICT_PROTOTYPES = YES;
				CLANG_WARN_SUSPICIOUS_MOVE = YES;
				CLANG_WARN_UNGUARDED_AVAILABILITY = YES_AGGRESSIVE;
				CLANG_WARN_UNREACHABLE_CODE = YES;
				CLANG_WARN__DUPLICATE_METHOD_MATCH = YES;
				COPY_PHASE_STRIP = NO;
				DEBUG_INFORMATION_FORMAT = "dwarf-with-dsym";
				ENABLE_NS_ASSERTIONS = NO;
				ENABLE_STRICT_OBJC_MSGSEND = YES;
				GCC_C_LANGUAGE_STANDARD = gnu11;
				GCC_NO_COMMON_BLOCKS = YES;
				GCC_WARN_64_TO_32_BIT_CONVERSION = YES;
				GCC_WARN_ABOUT_RETURN_TYPE = YES_ERROR;
				GCC_WARN_UNDECLARED_SELECTOR = YES;
				GCC_WARN_UNINITIALIZED_AUTOS = YES_AGGRESSIVE;
				GCC_WARN_UNUSED_FUNCTION = YES;
				GCC_WARN_UNUSED_VARIABLE = YES;
				MACOSX_DEPLOYMENT_TARGET = 10.14;
				MTL_ENABLE_DEBUG_INFO = NO;
				MTL_FAST_MATH = YES;
				SDKROOT = macosx;
			};
			name = Release;
		};
		249162BA265D1DEC002DA805 /* Debug */ = {
			isa = XCBuildConfiguration;
			buildSettings = {
				CODE_SIGN_STYLE = Automatic;
				LIBRARY_SEARCH_PATHS = (
					"$(inherited)",
					"$(PROJECT_DIR)/push_swap",
				);
				PRODUCT_NAME = "$(TARGET_NAME)";
			};
			name = Debug;
		};
		249162BB265D1DEC002DA805 /* Release */ = {
			isa = XCBuildConfiguration;
			buildSettings = {
				CODE_SIGN_STYLE = Automatic;
				LIBRARY_SEARCH_PATHS = (
					"$(inherited)",
					"$(PROJECT_DIR)/push_swap",
				);
				PRODUCT_NAME = "$(TARGET_NAME)";
			};
			name = Release;
		};
/* End XCBuildConfiguration section */

/* Begin XCConfigurationList section */
		249162AD265D1DEC002DA805 /* Build configuration list for PBXProject "push_swap" */ = {
			isa = XCConfigurationList;
			buildConfigurations = (
				249162B7265D1DEC002DA805 /* Debug */,
				249162B8265D1DEC002DA805 /* Release */,
			);
			defaultConfigurationIsVisible = 0;
			defaultConfigurationName = Release;
		};
		249162B9265D1DEC002DA805 /* Build configuration list for PBXNativeTarget "push_swap" */ = {
			isa = XCConfigurationList;
			buildConfigurations = (
				249162BA265D1DEC002DA805 /* Debug */,
				249162BB265D1DEC002DA805 /* Release */,
			);
			defaultConfigurationIsVisible = 0;
			defaultConfigurationName = Release;
		};
/* End XCConfigurationList section */
	};
	rootObject = 249162AA265D1DEC002DA805 /* Project object */;
}
